// !$*UTF8*$!
{
	archiveVersion = 1;
	classes = {
	};
	objectVersion = 52;
	objects = {

/* Begin PBXBuildFile section */
		869916CF24E370BB000F046D /* AppDelegate.swift in Sources */ = {isa = PBXBuildFile; fileRef = 869916CE24E370BB000F046D /* AppDelegate.swift */; };
		869916D124E370BB000F046D /* SceneDelegate.swift in Sources */ = {isa = PBXBuildFile; fileRef = 869916D024E370BB000F046D /* SceneDelegate.swift */; };
		869916D324E370BB000F046D /* ViewController.swift in Sources */ = {isa = PBXBuildFile; fileRef = 869916D224E370BB000F046D /* ViewController.swift */; };
		869916D624E370BB000F046D /* Main.storyboard in Resources */ = {isa = PBXBuildFile; fileRef = 869916D424E370BB000F046D /* Main.storyboard */; };
		869916D824E370BD000F046D /* Assets.xcassets in Resources */ = {isa = PBXBuildFile; fileRef = 869916D724E370BD000F046D /* Assets.xcassets */; };
		869916DB24E370BD000F046D /* LaunchScreen.storyboard in Resources */ = {isa = PBXBuildFile; fileRef = 869916D924E370BD000F046D /* LaunchScreen.storyboard */; };
		869916E724E37761000F046D /* GradientView.swift in Sources */ = {isa = PBXBuildFile; fileRef = 869916E624E37761000F046D /* GradientView.swift */; };
		869916E924E37D06000F046D /* Workouts.swift in Sources */ = {isa = PBXBuildFile; fileRef = 869916E824E37D06000F046D /* Workouts.swift */; };
		869916F324E3A6A1000F046D /* UICircularProgressRing in Frameworks */ = {isa = PBXBuildFile; productRef = 869916F224E3A6A1000F046D /* UICircularProgressRing */; };
		869916F724E5CED8000F046D /* AVFoundation.framework in Frameworks */ = {isa = PBXBuildFile; fileRef = 869916F524E5CE8B000F046D /* AVFoundation.framework */; };
		869916FD24E5D041000F046D /* BellDing.mp3 in Resources */ = {isa = PBXBuildFile; fileRef = 869916FC24E5D041000F046D /* BellDing.mp3 */; };
		8699170324E64A14000F046D /* TestWorkouts.plist in Resources */ = {isa = PBXBuildFile; fileRef = 8699170224E64A14000F046D /* TestWorkouts.plist */; };
		86C60F9B24EB307A00168D2E /* LongPressReorder.swift in Sources */ = {isa = PBXBuildFile; fileRef = 86C60F9A24EB307A00168D2E /* LongPressReorder.swift */; };
		86CA866624EB4FE6008B57E6 /* menuIcon.png in Resources */ = {isa = PBXBuildFile; fileRef = 86CA866524EB4FE6008B57E6 /* menuIcon.png */; };
		86CA866824EB5125008B57E6 /* musicButton.png in Resources */ = {isa = PBXBuildFile; fileRef = 86CA866724EB5125008B57E6 /* musicButton.png */; };
		86CA866C24EB55AE008B57E6 /* workoutList.png in Resources */ = {isa = PBXBuildFile; fileRef = 86CA866B24EB55AE008B57E6 /* workoutList.png */; };
		86D7FBBE24E9056400AF667D /* WorkoutEditorControllerTableViewController.swift in Sources */ = {isa = PBXBuildFile; fileRef = 86D7FBBD24E9056400AF667D /* WorkoutEditorControllerTableViewController.swift */; };
		86D7FBC024E9075300AF667D /* WorkoutCellTableViewCell.swift in Sources */ = {isa = PBXBuildFile; fileRef = 86D7FBBF24E9075200AF667D /* WorkoutCellTableViewCell.swift */; };
		86E1E48424E690DB005C98E9 /* Tone.mp3 in Resources */ = {isa = PBXBuildFile; fileRef = 86E1E48324E690DB005C98E9 /* Tone.mp3 */; };
		86E1E48624E7B573005C98E9 /* FullWorkouts.plist in Resources */ = {isa = PBXBuildFile; fileRef = 86E1E48524E7B573005C98E9 /* FullWorkouts.plist */; };
/* End PBXBuildFile section */

/* Begin PBXFileReference section */
		869916CB24E370BB000F046D /* 10MinWorkout.app */ = {isa = PBXFileReference; explicitFileType = wrapper.application; includeInIndex = 0; path = 10MinWorkout.app; sourceTree = BUILT_PRODUCTS_DIR; };
		869916CE24E370BB000F046D /* AppDelegate.swift */ = {isa = PBXFileReference; lastKnownFileType = sourcecode.swift; path = AppDelegate.swift; sourceTree = "<group>"; };
		869916D024E370BB000F046D /* SceneDelegate.swift */ = {isa = PBXFileReference; lastKnownFileType = sourcecode.swift; path = SceneDelegate.swift; sourceTree = "<group>"; };
		869916D224E370BB000F046D /* ViewController.swift */ = {isa = PBXFileReference; lastKnownFileType = sourcecode.swift; path = ViewController.swift; sourceTree = "<group>"; };
		869916D524E370BB000F046D /* Base */ = {isa = PBXFileReference; lastKnownFileType = file.storyboard; name = Base; path = Base.lproj/Main.storyboard; sourceTree = "<group>"; };
		869916D724E370BD000F046D /* Assets.xcassets */ = {isa = PBXFileReference; lastKnownFileType = folder.assetcatalog; path = Assets.xcassets; sourceTree = "<group>"; };
		869916DA24E370BD000F046D /* Base */ = {isa = PBXFileReference; lastKnownFileType = file.storyboard; name = Base; path = Base.lproj/LaunchScreen.storyboard; sourceTree = "<group>"; };
		869916DC24E370BD000F046D /* Info.plist */ = {isa = PBXFileReference; lastKnownFileType = text.plist.xml; path = Info.plist; sourceTree = "<group>"; };
		869916E624E37761000F046D /* GradientView.swift */ = {isa = PBXFileReference; lastKnownFileType = sourcecode.swift; path = GradientView.swift; sourceTree = "<group>"; };
		869916E824E37D06000F046D /* Workouts.swift */ = {isa = PBXFileReference; lastKnownFileType = sourcecode.swift; path = Workouts.swift; sourceTree = "<group>"; };
		869916F524E5CE8B000F046D /* AVFoundation.framework */ = {isa = PBXFileReference; lastKnownFileType = wrapper.framework; name = AVFoundation.framework; path = System/Library/Frameworks/AVFoundation.framework; sourceTree = SDKROOT; };
		869916FC24E5D041000F046D /* BellDing.mp3 */ = {isa = PBXFileReference; lastKnownFileType = audio.mp3; path = BellDing.mp3; sourceTree = "<group>"; };
		8699170224E64A14000F046D /* TestWorkouts.plist */ = {isa = PBXFileReference; fileEncoding = 4; lastKnownFileType = text.plist.xml; path = TestWorkouts.plist; sourceTree = "<group>"; };
		86C60F9A24EB307A00168D2E /* LongPressReorder.swift */ = {isa = PBXFileReference; lastKnownFileType = sourcecode.swift; path = LongPressReorder.swift; sourceTree = "<group>"; };
		86CA866524EB4FE6008B57E6 /* menuIcon.png */ = {isa = PBXFileReference; lastKnownFileType = image.png; path = menuIcon.png; sourceTree = "<group>"; };
		86CA866724EB5125008B57E6 /* musicButton.png */ = {isa = PBXFileReference; lastKnownFileType = image.png; path = musicButton.png; sourceTree = "<group>"; };
		86CA866B24EB55AE008B57E6 /* workoutList.png */ = {isa = PBXFileReference; lastKnownFileType = image.png; path = workoutList.png; sourceTree = "<group>"; };
		86D7FBBD24E9056400AF667D /* WorkoutEditorControllerTableViewController.swift */ = {isa = PBXFileReference; lastKnownFileType = sourcecode.swift; path = WorkoutEditorControllerTableViewController.swift; sourceTree = "<group>"; };
		86D7FBBF24E9075200AF667D /* WorkoutCellTableViewCell.swift */ = {isa = PBXFileReference; lastKnownFileType = sourcecode.swift; path = WorkoutCellTableViewCell.swift; sourceTree = "<group>"; };
		86E1E48324E690DB005C98E9 /* Tone.mp3 */ = {isa = PBXFileReference; lastKnownFileType = audio.mp3; path = Tone.mp3; sourceTree = "<group>"; };
		86E1E48524E7B573005C98E9 /* FullWorkouts.plist */ = {isa = PBXFileReference; fileEncoding = 4; lastKnownFileType = text.plist.xml; path = FullWorkouts.plist; sourceTree = "<group>"; };
/* End PBXFileReference section */

/* Begin PBXFrameworksBuildPhase section */
		869916C824E370BB000F046D /* Frameworks */ = {
			isa = PBXFrameworksBuildPhase;
			buildActionMask = 2147483647;
			files = (
				869916F724E5CED8000F046D /* AVFoundation.framework in Frameworks */,
				869916F324E3A6A1000F046D /* UICircularProgressRing in Frameworks */,
			);
			runOnlyForDeploymentPostprocessing = 0;
		};
/* End PBXFrameworksBuildPhase section */

/* Begin PBXGroup section */
		869916C224E370BB000F046D = {
			isa = PBXGroup;
			children = (
				86CA866D24EB59AA008B57E6 /* Icons */,
				869916FB24E5CF45000F046D /* Sounds */,
				869916E524E37730000F046D /* Resources */,
				869916CD24E370BB000F046D /* WorkoutTimer */,
				869916CC24E370BB000F046D /* Products */,
				869916F424E5CE8A000F046D /* Frameworks */,
			);
			sourceTree = "<group>";
		};
		869916CC24E370BB000F046D /* Products */ = {
			isa = PBXGroup;
			children = (
				869916CB24E370BB000F046D /* 10MinWorkout.app */,
			);
			name = Products;
			sourceTree = "<group>";
		};
		869916CD24E370BB000F046D /* WorkoutTimer */ = {
			isa = PBXGroup;
			children = (
				869916CE24E370BB000F046D /* AppDelegate.swift */,
				869916D024E370BB000F046D /* SceneDelegate.swift */,
				869916D224E370BB000F046D /* ViewController.swift */,
				869916E824E37D06000F046D /* Workouts.swift */,
				86CA867024EB5C24008B57E6 /* Table View */,
				86CA866F24EB5C12008B57E6 /* Storyboards */,
				869916D724E370BD000F046D /* Assets.xcassets */,
				869916DC24E370BD000F046D /* Info.plist */,
			);
			path = WorkoutTimer;
			sourceTree = "<group>";
		};
		869916E524E37730000F046D /* Resources */ = {
			isa = PBXGroup;
			children = (
				86E1E48524E7B573005C98E9 /* FullWorkouts.plist */,
				8699170224E64A14000F046D /* TestWorkouts.plist */,
				86CA866E24EB5BE7008B57E6 /* External UI Classes */,
			);
			path = Resources;
			sourceTree = "<group>";
		};
		869916F424E5CE8A000F046D /* Frameworks */ = {
			isa = PBXGroup;
			children = (
				869916F524E5CE8B000F046D /* AVFoundation.framework */,
			);
			name = Frameworks;
			sourceTree = "<group>";
		};
		869916FB24E5CF45000F046D /* Sounds */ = {
			isa = PBXGroup;
			children = (
				86E1E48324E690DB005C98E9 /* Tone.mp3 */,
				869916FC24E5D041000F046D /* BellDing.mp3 */,
			);
			path = Sounds;
			sourceTree = "<group>";
		};
		86CA866D24EB59AA008B57E6 /* Icons */ = {
			isa = PBXGroup;
			children = (
				86CA866B24EB55AE008B57E6 /* workoutList.png */,
				86CA866724EB5125008B57E6 /* musicButton.png */,
				86CA866524EB4FE6008B57E6 /* menuIcon.png */,
			);
			path = Icons;
			sourceTree = "<group>";
		};
		86CA866E24EB5BE7008B57E6 /* External UI Classes */ = {
			isa = PBXGroup;
			children = (
				869916E624E37761000F046D /* GradientView.swift */,
				86C60F9A24EB307A00168D2E /* LongPressReorder.swift */,
			);
			path = "External UI Classes";
			sourceTree = "<group>";
		};
		86CA866F24EB5C12008B57E6 /* Storyboards */ = {
			isa = PBXGroup;
			children = (
				869916D424E370BB000F046D /* Main.storyboard */,
				869916D924E370BD000F046D /* LaunchScreen.storyboard */,
			);
			path = Storyboards;
			sourceTree = "<group>";
		};
		86CA867024EB5C24008B57E6 /* Table View */ = {
			isa = PBXGroup;
			children = (
				86D7FBBD24E9056400AF667D /* WorkoutEditorControllerTableViewController.swift */,
				86D7FBBF24E9075200AF667D /* WorkoutCellTableViewCell.swift */,
			);
			path = "Table View";
			sourceTree = "<group>";
		};
/* End PBXGroup section */

/* Begin PBXNativeTarget section */
		869916CA24E370BB000F046D /* 10MinWorkout */ = {
			isa = PBXNativeTarget;
			buildConfigurationList = 869916DF24E370BD000F046D /* Build configuration list for PBXNativeTarget "10MinWorkout" */;
			buildPhases = (
				869916C724E370BB000F046D /* Sources */,
				869916C824E370BB000F046D /* Frameworks */,
				869916C924E370BB000F046D /* Resources */,
			);
			buildRules = (
			);
			dependencies = (
			);
			name = 10MinWorkout;
			packageProductDependencies = (
				869916F224E3A6A1000F046D /* UICircularProgressRing */,
			);
			productName = 10MinWorkout;
			productReference = 869916CB24E370BB000F046D /* 10MinWorkout.app */;
			productType = "com.apple.product-type.application";
		};
/* End PBXNativeTarget section */

/* Begin PBXProject section */
		869916C324E370BB000F046D /* Project object */ = {
			isa = PBXProject;
			attributes = {
				LastSwiftUpdateCheck = 1160;
				LastUpgradeCheck = 1160;
				ORGANIZATIONNAME = "Gavin Ryder";
				TargetAttributes = {
					869916CA24E370BB000F046D = {
						CreatedOnToolsVersion = 11.6;
					};
				};
			};
			buildConfigurationList = 869916C624E370BB000F046D /* Build configuration list for PBXProject "WorkoutTimer" */;
			compatibilityVersion = "Xcode 9.3";
			developmentRegion = en;
			hasScannedForEncodings = 0;
			knownRegions = (
				en,
				Base,
			);
			mainGroup = 869916C224E370BB000F046D;
			packageReferences = (
				869916F124E3A6A1000F046D /* XCRemoteSwiftPackageReference "UICircularProgressRing" */,
			);
			productRefGroup = 869916CC24E370BB000F046D /* Products */;
			projectDirPath = "";
			projectRoot = "";
			targets = (
				869916CA24E370BB000F046D /* 10MinWorkout */,
			);
		};
/* End PBXProject section */

/* Begin PBXResourcesBuildPhase section */
		869916C924E370BB000F046D /* Resources */ = {
			isa = PBXResourcesBuildPhase;
			buildActionMask = 2147483647;
			files = (
				86CA866824EB5125008B57E6 /* musicButton.png in Resources */,
				869916DB24E370BD000F046D /* LaunchScreen.storyboard in Resources */,
				869916D824E370BD000F046D /* Assets.xcassets in Resources */,
				86E1E48424E690DB005C98E9 /* Tone.mp3 in Resources */,
				869916FD24E5D041000F046D /* BellDing.mp3 in Resources */,
				86CA866C24EB55AE008B57E6 /* workoutList.png in Resources */,
				869916D624E370BB000F046D /* Main.storyboard in Resources */,
				86CA866624EB4FE6008B57E6 /* menuIcon.png in Resources */,
				86E1E48624E7B573005C98E9 /* FullWorkouts.plist in Resources */,
				8699170324E64A14000F046D /* TestWorkouts.plist in Resources */,
			);
			runOnlyForDeploymentPostprocessing = 0;
		};
/* End PBXResourcesBuildPhase section */

/* Begin PBXSourcesBuildPhase section */
		869916C724E370BB000F046D /* Sources */ = {
			isa = PBXSourcesBuildPhase;
			buildActionMask = 2147483647;
			files = (
				869916D324E370BB000F046D /* ViewController.swift in Sources */,
				86C60F9B24EB307A00168D2E /* LongPressReorder.swift in Sources */,
				869916E924E37D06000F046D /* Workouts.swift in Sources */,
				869916CF24E370BB000F046D /* AppDelegate.swift in Sources */,
				869916E724E37761000F046D /* GradientView.swift in Sources */,
				86D7FBBE24E9056400AF667D /* WorkoutEditorControllerTableViewController.swift in Sources */,
				86D7FBC024E9075300AF667D /* WorkoutCellTableViewCell.swift in Sources */,
				869916D124E370BB000F046D /* SceneDelegate.swift in Sources */,
			);
			runOnlyForDeploymentPostprocessing = 0;
		};
/* End PBXSourcesBuildPhase section */

/* Begin PBXVariantGroup section */
		869916D424E370BB000F046D /* Main.storyboard */ = {
			isa = PBXVariantGroup;
			children = (
				869916D524E370BB000F046D /* Base */,
			);
			name = Main.storyboard;
			sourceTree = "<group>";
		};
		869916D924E370BD000F046D /* LaunchScreen.storyboard */ = {
			isa = PBXVariantGroup;
			children = (
				869916DA24E370BD000F046D /* Base */,
			);
			name = LaunchScreen.storyboard;
			sourceTree = "<group>";
		};
/* End PBXVariantGroup section */

/* Begin XCBuildConfiguration section */
		869916DD24E370BD000F046D /* Debug */ = {
			isa = XCBuildConfiguration;
			buildSettings = {
				ALWAYS_SEARCH_USER_PATHS = NO;
				CLANG_ANALYZER_NONNULL = YES;
				CLANG_ANALYZER_NUMBER_OBJECT_CONVERSION = YES_AGGRESSIVE;
				CLANG_CXX_LANGUAGE_STANDARD = "gnu++14";
				CLANG_CXX_LIBRARY = "libc++";
				CLANG_ENABLE_MODULES = YES;
				CLANG_ENABLE_OBJC_ARC = YES;
				CLANG_ENABLE_OBJC_WEAK = YES;
				CLANG_WARN_BLOCK_CAPTURE_AUTORELEASING = YES;
				CLANG_WARN_BOOL_CONVERSION = YES;
				CLANG_WARN_COMMA = YES;
				CLANG_WARN_CONSTANT_CONVERSION = YES;
				CLANG_WARN_DEPRECATED_OBJC_IMPLEMENTATIONS = YES;
				CLANG_WARN_DIRECT_OBJC_ISA_USAGE = YES_ERROR;
				CLANG_WARN_DOCUMENTATION_COMMENTS = YES;
				CLANG_WARN_EMPTY_BODY = YES;
				CLANG_WARN_ENUM_CONVERSION = YES;
				CLANG_WARN_INFINITE_RECURSION = YES;
				CLANG_WARN_INT_CONVERSION = YES;
				CLANG_WARN_NON_LITERAL_NULL_CONVERSION = YES;
				CLANG_WARN_OBJC_IMPLICIT_RETAIN_SELF = YES;
				CLANG_WARN_OBJC_LITERAL_CONVERSION = YES;
				CLANG_WARN_OBJC_ROOT_CLASS = YES_ERROR;
				CLANG_WARN_RANGE_LOOP_ANALYSIS = YES;
				CLANG_WARN_STRICT_PROTOTYPES = YES;
				CLANG_WARN_SUSPICIOUS_MOVE = YES;
				CLANG_WARN_UNGUARDED_AVAILABILITY = YES_AGGRESSIVE;
				CLANG_WARN_UNREACHABLE_CODE = YES;
				CLANG_WARN__DUPLICATE_METHOD_MATCH = YES;
				COPY_PHASE_STRIP = NO;
				DEBUG_INFORMATION_FORMAT = dwarf;
				ENABLE_STRICT_OBJC_MSGSEND = YES;
				ENABLE_TESTABILITY = YES;
				GCC_C_LANGUAGE_STANDARD = gnu11;
				GCC_DYNAMIC_NO_PIC = NO;
				GCC_NO_COMMON_BLOCKS = YES;
				GCC_OPTIMIZATION_LEVEL = 0;
				GCC_PREPROCESSOR_DEFINITIONS = (
					"DEBUG=1",
					"$(inherited)",
				);
				GCC_WARN_64_TO_32_BIT_CONVERSION = YES;
				GCC_WARN_ABOUT_RETURN_TYPE = YES_ERROR;
				GCC_WARN_UNDECLARED_SELECTOR = YES;
				GCC_WARN_UNINITIALIZED_AUTOS = YES_AGGRESSIVE;
				GCC_WARN_UNUSED_FUNCTION = YES;
				GCC_WARN_UNUSED_VARIABLE = YES;
				IPHONEOS_DEPLOYMENT_TARGET = 13.6;
				MTL_ENABLE_DEBUG_INFO = INCLUDE_SOURCE;
				MTL_FAST_MATH = YES;
				ONLY_ACTIVE_ARCH = YES;
				SDKROOT = iphoneos;
				SWIFT_ACTIVE_COMPILATION_CONDITIONS = DEBUG;
				SWIFT_OPTIMIZATION_LEVEL = "-Onone";
			};
			name = Debug;
		};
		869916DE24E370BD000F046D /* Release */ = {
			isa = XCBuildConfiguration;
			buildSettings = {
				ALWAYS_SEARCH_USER_PATHS = NO;
				CLANG_ANALYZER_NONNULL = YES;
				CLANG_ANALYZER_NUMBER_OBJECT_CONVERSION = YES_AGGRESSIVE;
				CLANG_CXX_LANGUAGE_STANDARD = "gnu++14";
				CLANG_CXX_LIBRARY = "libc++";
				CLANG_ENABLE_MODULES = YES;
				CLANG_ENABLE_OBJC_ARC = YES;
				CLANG_ENABLE_OBJC_WEAK = YES;
				CLANG_WARN_BLOCK_CAPTURE_AUTORELEASING = YES;
				CLANG_WARN_BOOL_CONVERSION = YES;
				CLANG_WARN_COMMA = YES;
				CLANG_WARN_CONSTANT_CONVERSION = YES;
				CLANG_WARN_DEPRECATED_OBJC_IMPLEMENTATIONS = YES;
				CLANG_WARN_DIRECT_OBJC_ISA_USAGE = YES_ERROR;
				CLANG_WARN_DOCUMENTATION_COMMENTS = YES;
				CLANG_WARN_EMPTY_BODY = YES;
				CLANG_WARN_ENUM_CONVERSION = YES;
				CLANG_WARN_INFINITE_RECURSION = YES;
				CLANG_WARN_INT_CONVERSION = YES;
				CLANG_WARN_NON_LITERAL_NULL_CONVERSION = YES;
				CLANG_WARN_OBJC_IMPLICIT_RETAIN_SELF = YES;
				CLANG_WARN_OBJC_LITERAL_CONVERSION = YES;
				CLANG_WARN_OBJC_ROOT_CLASS = YES_ERROR;
				CLANG_WARN_RANGE_LOOP_ANALYSIS = YES;
				CLANG_WARN_STRICT_PROTOTYPES = YES;
				CLANG_WARN_SUSPICIOUS_MOVE = YES;
				CLANG_WARN_UNGUARDED_AVAILABILITY = YES_AGGRESSIVE;
				CLANG_WARN_UNREACHABLE_CODE = YES;
				CLANG_WARN__DUPLICATE_METHOD_MATCH = YES;
				COPY_PHASE_STRIP = NO;
				DEBUG_INFORMATION_FORMAT = "dwarf-with-dsym";
				ENABLE_NS_ASSERTIONS = NO;
				ENABLE_STRICT_OBJC_MSGSEND = YES;
				GCC_C_LANGUAGE_STANDARD = gnu11;
				GCC_NO_COMMON_BLOCKS = YES;
				GCC_WARN_64_TO_32_BIT_CONVERSION = YES;
				GCC_WARN_ABOUT_RETURN_TYPE = YES_ERROR;
				GCC_WARN_UNDECLARED_SELECTOR = YES;
				GCC_WARN_UNINITIALIZED_AUTOS = YES_AGGRESSIVE;
				GCC_WARN_UNUSED_FUNCTION = YES;
				GCC_WARN_UNUSED_VARIABLE = YES;
				IPHONEOS_DEPLOYMENT_TARGET = 13.6;
				MTL_ENABLE_DEBUG_INFO = NO;
				MTL_FAST_MATH = YES;
				SDKROOT = iphoneos;
				SWIFT_COMPILATION_MODE = wholemodule;
				SWIFT_OPTIMIZATION_LEVEL = "-O";
				VALIDATE_PRODUCT = YES;
			};
			name = Release;
		};
		869916E024E370BD000F046D /* Debug */ = {
			isa = XCBuildConfiguration;
			buildSettings = {
				ASSETCATALOG_COMPILER_APPICON_NAME = AppIcon;
				CODE_SIGN_STYLE = Automatic;
				DEVELOPMENT_TEAM = LTHP4N872E;
				INFOPLIST_FILE = WorkoutTimer/Info.plist;
				LD_RUNPATH_SEARCH_PATHS = (
					"$(inherited)",
					"@executable_path/Frameworks",
				);
				PRODUCT_BUNDLE_IDENTIFIER = Gavin.WorkoutTimer;
				PRODUCT_NAME = "$(TARGET_NAME)";
				SWIFT_VERSION = 5.0;
				TARGETED_DEVICE_FAMILY = 1;
			};
			name = Debug;
		};
		869916E124E370BD000F046D /* Release */ = {
			isa = XCBuildConfiguration;
			buildSettings = {
				ASSETCATALOG_COMPILER_APPICON_NAME = AppIcon;
				CODE_SIGN_STYLE = Automatic;
				DEVELOPMENT_TEAM = LTHP4N872E;
				INFOPLIST_FILE = WorkoutTimer/Info.plist;
				LD_RUNPATH_SEARCH_PATHS = (
					"$(inherited)",
					"@executable_path/Frameworks",
				);
				PRODUCT_BUNDLE_IDENTIFIER = Gavin.WorkoutTimer;
				PRODUCT_NAME = "$(TARGET_NAME)";
				SWIFT_VERSION = 5.0;
				TARGETED_DEVICE_FAMILY = 1;
			};
			name = Release;
		};
/* End XCBuildConfiguration section */

/* Begin XCConfigurationList section */
		869916C624E370BB000F046D /* Build configuration list for PBXProject "WorkoutTimer" */ = {
			isa = XCConfigurationList;
			buildConfigurations = (
				869916DD24E370BD000F046D /* Debug */,
				869916DE24E370BD000F046D /* Release */,
			);
			defaultConfigurationIsVisible = 0;
			defaultConfigurationName = Release;
		};
		869916DF24E370BD000F046D /* Build configuration list for PBXNativeTarget "10MinWorkout" */ = {
			isa = XCConfigurationList;
			buildConfigurations = (
				869916E024E370BD000F046D /* Debug */,
				869916E124E370BD000F046D /* Release */,
			);
			defaultConfigurationIsVisible = 0;
			defaultConfigurationName = Release;
		};
/* End XCConfigurationList section */

/* Begin XCRemoteSwiftPackageReference section */
		869916F124E3A6A1000F046D /* XCRemoteSwiftPackageReference "UICircularProgressRing" */ = {
			isa = XCRemoteSwiftPackageReference;
			repositoryURL = "https://github.com/luispadron/UICircularProgressRing.git";
			requirement = {
				kind = upToNextMajorVersion;
				minimumVersion = 6.5.0;
			};
		};
/* End XCRemoteSwiftPackageReference section */

/* Begin XCSwiftPackageProductDependency section */
		869916F224E3A6A1000F046D /* UICircularProgressRing */ = {
			isa = XCSwiftPackageProductDependency;
			package = 869916F124E3A6A1000F046D /* XCRemoteSwiftPackageReference "UICircularProgressRing" */;
			productName = UICircularProgressRing;
		};
/* End XCSwiftPackageProductDependency section */
	};
	rootObject = 869916C324E370BB000F046D /* Project object */;
}
